// !$*UTF8*$!
{
	archiveVersion = 1;
	classes = {
	};
	objectVersion = 56;
	objects = {

/* Begin PBXBuildFile section */
		ADAEB3D329E76351003EF3FD /* ContentView.swift in Sources */ = {isa = PBXBuildFile; fileRef = ADAEB3D229E76351003EF3FD /* ContentView.swift */; };
		ADAEB3D729E76351003EF3FD /* ViewControllerRepresentable.swift in Sources */ = {isa = PBXBuildFile; fileRef = ADAEB3D629E76351003EF3FD /* ViewControllerRepresentable.swift */; };
		ADAEB3DA29E76351003EF3FD /* Synth.aif in Resources */ = {isa = PBXBuildFile; fileRef = ADAEB3D929E76351003EF3FD /* Synth.aif */; };
		ADAEB3DC29E76351003EF3FD /* SimplePlayEngine.swift in Sources */ = {isa = PBXBuildFile; fileRef = ADAEB3DB29E76351003EF3FD /* SimplePlayEngine.swift */; };
		ADAEB3DF29E76351003EF3FD /* MIDIManager.swift in Sources */ = {isa = PBXBuildFile; fileRef = ADAEB3DE29E76351003EF3FD /* MIDIManager.swift */; };
		ADAEB3E129E76351003EF3FD /* TypeAliases.swift in Sources */ = {isa = PBXBuildFile; fileRef = ADAEB3E029E76351003EF3FD /* TypeAliases.swift */; };
		ADAEB3E429E76351003EF3FD /* StringHelpers.swift in Sources */ = {isa = PBXBuildFile; fileRef = ADAEB3E329E76351003EF3FD /* StringHelpers.swift */; };
		ADAEB3E729E76351003EF3FD /* AudioUnitHostModel.swift in Sources */ = {isa = PBXBuildFile; fileRef = ADAEB3E629E76351003EF3FD /* AudioUnitHostModel.swift */; };
		ADAEB3E929E76351003EF3FD /* AudioUnitViewModel.swift in Sources */ = {isa = PBXBuildFile; fileRef = ADAEB3E829E76351003EF3FD /* AudioUnitViewModel.swift */; };
		ADAEB3EB29E76351003EF3FD /* ATDriverVoiceApp.swift in Sources */ = {isa = PBXBuildFile; fileRef = ADAEB3EA29E76351003EF3FD /* ATDriverVoiceApp.swift */; };
		ADAEB3EE29E76351003EF3FD /* Preview Assets.xcassets in Resources */ = {isa = PBXBuildFile; fileRef = ADAEB3ED29E76351003EF3FD /* Preview Assets.xcassets */; };
		ADAEB3F029E76352003EF3FD /* Assets.xcassets in Resources */ = {isa = PBXBuildFile; fileRef = ADAEB3EF29E76352003EF3FD /* Assets.xcassets */; };
		ADAEB3FB29E76352003EF3FD /* ATDriverVoiceTests.swift in Sources */ = {isa = PBXBuildFile; fileRef = ADAEB3FA29E76352003EF3FD /* ATDriverVoiceTests.swift */; };
		ADAEB40529E76352003EF3FD /* ATDriverVoiceUITests.swift in Sources */ = {isa = PBXBuildFile; fileRef = ADAEB40429E76352003EF3FD /* ATDriverVoiceUITests.swift */; };
		ADAEB40729E76352003EF3FD /* ATDriverVoiceUITestsLaunchTests.swift in Sources */ = {isa = PBXBuildFile; fileRef = ADAEB40629E76352003EF3FD /* ATDriverVoiceUITestsLaunchTests.swift */; };
		ADAEB40D29E76352003EF3FD /* ATDriverVoiceExtension.appex in Embed Foundation Extensions */ = {isa = PBXBuildFile; fileRef = ADAEB40C29E76352003EF3FD /* ATDriverVoiceExtension.appex */; settings = {ATTRIBUTES = (RemoveHeadersOnCopy, ); }; };
		ADAEB41229E76352003EF3FD /* README.md in Resources */ = {isa = PBXBuildFile; fileRef = ADAEB41129E76352003EF3FD /* README.md */; };
		ADAEB41729E76352003EF3FD /* ParameterSpecBase.swift in Sources */ = {isa = PBXBuildFile; fileRef = ADAEB41629E76352003EF3FD /* ParameterSpecBase.swift */; };
		ADAEB41A29E76352003EF3FD /* CrossPlatform.swift in Sources */ = {isa = PBXBuildFile; fileRef = ADAEB41929E76352003EF3FD /* CrossPlatform.swift */; };
		ADAEB41C29E76352003EF3FD /* String+Utils.swift in Sources */ = {isa = PBXBuildFile; fileRef = ADAEB41B29E76352003EF3FD /* String+Utils.swift */; };
		ADAEB41F29E76352003EF3FD /* ATDriverVoiceExtensionAudioUnit.swift in Sources */ = {isa = PBXBuildFile; fileRef = ADAEB41E29E76352003EF3FD /* ATDriverVoiceExtensionAudioUnit.swift */; };
		ADAEB42229E76352003EF3FD /* Parameters.swift in Sources */ = {isa = PBXBuildFile; fileRef = ADAEB42129E76352003EF3FD /* Parameters.swift */; };
		ADAEB42529E76352003EF3FD /* AudioUnitFactory.swift in Sources */ = {isa = PBXBuildFile; fileRef = ADAEB42429E76352003EF3FD /* AudioUnitFactory.swift */; };
/* End PBXBuildFile section */

/* Begin PBXContainerItemProxy section */
		ADAEB3F729E76352003EF3FD /* PBXContainerItemProxy */ = {
			isa = PBXContainerItemProxy;
			containerPortal = ADAEB3C729E76351003EF3FD /* Project object */;
			proxyType = 1;
			remoteGlobalIDString = ADAEB3CE29E76351003EF3FD;
			remoteInfo = ATDriverVoice;
		};
		ADAEB40129E76352003EF3FD /* PBXContainerItemProxy */ = {
			isa = PBXContainerItemProxy;
			containerPortal = ADAEB3C729E76351003EF3FD /* Project object */;
			proxyType = 1;
			remoteGlobalIDString = ADAEB3CE29E76351003EF3FD;
			remoteInfo = ATDriverVoice;
		};
		ADAEB40E29E76352003EF3FD /* PBXContainerItemProxy */ = {
			isa = PBXContainerItemProxy;
			containerPortal = ADAEB3C729E76351003EF3FD /* Project object */;
			proxyType = 1;
			remoteGlobalIDString = ADAEB40B29E76352003EF3FD;
			remoteInfo = ATDriverVoiceExtension;
		};
/* End PBXContainerItemProxy section */

/* Begin PBXCopyFilesBuildPhase section */
		ADAEB42C29E76352003EF3FD /* Embed Foundation Extensions */ = {
			isa = PBXCopyFilesBuildPhase;
			buildActionMask = 2147483647;
			dstPath = "";
			dstSubfolderSpec = 13;
			files = (
				ADAEB40D29E76352003EF3FD /* ATDriverVoiceExtension.appex in Embed Foundation Extensions */,
			);
			name = "Embed Foundation Extensions";
			runOnlyForDeploymentPostprocessing = 0;
		};
/* End PBXCopyFilesBuildPhase section */

/* Begin PBXFileReference section */
		ADAEB3CF29E76351003EF3FD /* ATDriverVoice.app */ = {isa = PBXFileReference; explicitFileType = wrapper.application; includeInIndex = 0; path = ATDriverVoice.app; sourceTree = BUILT_PRODUCTS_DIR; };
		ADAEB3D229E76351003EF3FD /* ContentView.swift */ = {isa = PBXFileReference; lastKnownFileType = sourcecode.swift; path = ContentView.swift; sourceTree = "<group>"; };
		ADAEB3D629E76351003EF3FD /* ViewControllerRepresentable.swift */ = {isa = PBXFileReference; lastKnownFileType = sourcecode.swift; path = ViewControllerRepresentable.swift; sourceTree = "<group>"; };
		ADAEB3D929E76351003EF3FD /* Synth.aif */ = {isa = PBXFileReference; lastKnownFileType = file; path = Synth.aif; sourceTree = "<group>"; };
		ADAEB3DB29E76351003EF3FD /* SimplePlayEngine.swift */ = {isa = PBXFileReference; lastKnownFileType = sourcecode.swift; path = SimplePlayEngine.swift; sourceTree = "<group>"; };
		ADAEB3DE29E76351003EF3FD /* MIDIManager.swift */ = {isa = PBXFileReference; lastKnownFileType = sourcecode.swift; path = MIDIManager.swift; sourceTree = "<group>"; };
		ADAEB3E029E76351003EF3FD /* TypeAliases.swift */ = {isa = PBXFileReference; lastKnownFileType = sourcecode.swift; path = TypeAliases.swift; sourceTree = "<group>"; };
		ADAEB3E329E76351003EF3FD /* StringHelpers.swift */ = {isa = PBXFileReference; lastKnownFileType = sourcecode.swift; path = StringHelpers.swift; sourceTree = "<group>"; };
		ADAEB3E629E76351003EF3FD /* AudioUnitHostModel.swift */ = {isa = PBXFileReference; lastKnownFileType = sourcecode.swift; path = AudioUnitHostModel.swift; sourceTree = "<group>"; };
		ADAEB3E829E76351003EF3FD /* AudioUnitViewModel.swift */ = {isa = PBXFileReference; lastKnownFileType = sourcecode.swift; path = AudioUnitViewModel.swift; sourceTree = "<group>"; };
		ADAEB3EA29E76351003EF3FD /* ATDriverVoiceApp.swift */ = {isa = PBXFileReference; lastKnownFileType = sourcecode.swift; path = ATDriverVoiceApp.swift; sourceTree = "<group>"; };
		ADAEB3ED29E76351003EF3FD /* Preview Assets.xcassets */ = {isa = PBXFileReference; lastKnownFileType = folder.assetcatalog; path = "Preview Assets.xcassets"; sourceTree = "<group>"; };
		ADAEB3EF29E76352003EF3FD /* Assets.xcassets */ = {isa = PBXFileReference; lastKnownFileType = folder.assetcatalog; path = Assets.xcassets; sourceTree = "<group>"; };
		ADAEB3F129E76352003EF3FD /* ATDriverVoice.entitlements */ = {isa = PBXFileReference; lastKnownFileType = text.plist.entitlements; path = ATDriverVoice.entitlements; sourceTree = "<group>"; };
		ADAEB3F629E76352003EF3FD /* ATDriverVoiceTests.xctest */ = {isa = PBXFileReference; explicitFileType = wrapper.cfbundle; includeInIndex = 0; path = ATDriverVoiceTests.xctest; sourceTree = BUILT_PRODUCTS_DIR; };
		ADAEB3FA29E76352003EF3FD /* ATDriverVoiceTests.swift */ = {isa = PBXFileReference; lastKnownFileType = sourcecode.swift; path = ATDriverVoiceTests.swift; sourceTree = "<group>"; };
		ADAEB40029E76352003EF3FD /* ATDriverVoiceUITests.xctest */ = {isa = PBXFileReference; explicitFileType = wrapper.cfbundle; includeInIndex = 0; path = ATDriverVoiceUITests.xctest; sourceTree = BUILT_PRODUCTS_DIR; };
		ADAEB40429E76352003EF3FD /* ATDriverVoiceUITests.swift */ = {isa = PBXFileReference; lastKnownFileType = sourcecode.swift; path = ATDriverVoiceUITests.swift; sourceTree = "<group>"; };
		ADAEB40629E76352003EF3FD /* ATDriverVoiceUITestsLaunchTests.swift */ = {isa = PBXFileReference; lastKnownFileType = sourcecode.swift; path = ATDriverVoiceUITestsLaunchTests.swift; sourceTree = "<group>"; };
		ADAEB40C29E76352003EF3FD /* ATDriverVoiceExtension.appex */ = {isa = PBXFileReference; explicitFileType = "wrapper.app-extension"; includeInIndex = 0; path = ATDriverVoiceExtension.appex; sourceTree = BUILT_PRODUCTS_DIR; };
		ADAEB41129E76352003EF3FD /* README.md */ = {isa = PBXFileReference; lastKnownFileType = net.daringfireball.markdown; path = README.md; sourceTree = "<group>"; };
		ADAEB41429E76352003EF3FD /* ATDriverVoiceExtension-Bridging-Header.h */ = {isa = PBXFileReference; lastKnownFileType = sourcecode.c.h; path = "ATDriverVoiceExtension-Bridging-Header.h"; sourceTree = "<group>"; };
		ADAEB41629E76352003EF3FD /* ParameterSpecBase.swift */ = {isa = PBXFileReference; lastKnownFileType = sourcecode.swift; path = ParameterSpecBase.swift; sourceTree = "<group>"; };
		ADAEB41929E76352003EF3FD /* CrossPlatform.swift */ = {isa = PBXFileReference; lastKnownFileType = sourcecode.swift; path = CrossPlatform.swift; sourceTree = "<group>"; };
		ADAEB41B29E76352003EF3FD /* String+Utils.swift */ = {isa = PBXFileReference; lastKnownFileType = sourcecode.swift; path = "String+Utils.swift"; sourceTree = "<group>"; };
		ADAEB41E29E76352003EF3FD /* ATDriverVoiceExtensionAudioUnit.swift */ = {isa = PBXFileReference; lastKnownFileType = sourcecode.swift; path = ATDriverVoiceExtensionAudioUnit.swift; sourceTree = "<group>"; };
		ADAEB42129E76352003EF3FD /* Parameters.swift */ = {isa = PBXFileReference; lastKnownFileType = sourcecode.swift; path = Parameters.swift; sourceTree = "<group>"; };
		ADAEB42429E76352003EF3FD /* AudioUnitFactory.swift */ = {isa = PBXFileReference; lastKnownFileType = sourcecode.swift; path = AudioUnitFactory.swift; sourceTree = "<group>"; };
		ADAEB42629E76352003EF3FD /* Info.plist */ = {isa = PBXFileReference; lastKnownFileType = text.plist.xml; path = Info.plist; sourceTree = "<group>"; };
/* End PBXFileReference section */

/* Begin PBXFrameworksBuildPhase section */
		ADAEB3CC29E76351003EF3FD /* Frameworks */ = {
			isa = PBXFrameworksBuildPhase;
			buildActionMask = 2147483647;
			files = (
			);
			runOnlyForDeploymentPostprocessing = 0;
		};
		ADAEB3F329E76352003EF3FD /* Frameworks */ = {
			isa = PBXFrameworksBuildPhase;
			buildActionMask = 2147483647;
			files = (
			);
			runOnlyForDeploymentPostprocessing = 0;
		};
		ADAEB3FD29E76352003EF3FD /* Frameworks */ = {
			isa = PBXFrameworksBuildPhase;
			buildActionMask = 2147483647;
			files = (
			);
			runOnlyForDeploymentPostprocessing = 0;
		};
		ADAEB40929E76352003EF3FD /* Frameworks */ = {
			isa = PBXFrameworksBuildPhase;
			buildActionMask = 2147483647;
			files = (
			);
			runOnlyForDeploymentPostprocessing = 0;
		};
/* End PBXFrameworksBuildPhase section */

/* Begin PBXGroup section */
		ADAEB3C629E76351003EF3FD = {
			isa = PBXGroup;
			children = (
				ADAEB3D129E76351003EF3FD /* ATDriverVoice */,
				ADAEB3F929E76352003EF3FD /* ATDriverVoiceTests */,
				ADAEB40329E76352003EF3FD /* ATDriverVoiceUITests */,
				ADAEB41029E76352003EF3FD /* ATDriverVoiceExtension */,
				ADAEB3D029E76351003EF3FD /* Products */,
			);
			sourceTree = "<group>";
		};
		ADAEB3D029E76351003EF3FD /* Products */ = {
			isa = PBXGroup;
			children = (
				ADAEB3CF29E76351003EF3FD /* ATDriverVoice.app */,
				ADAEB3F629E76352003EF3FD /* ATDriverVoiceTests.xctest */,
				ADAEB40029E76352003EF3FD /* ATDriverVoiceUITests.xctest */,
				ADAEB40C29E76352003EF3FD /* ATDriverVoiceExtension.appex */,
			);
			name = Products;
			sourceTree = "<group>";
		};
		ADAEB3D129E76351003EF3FD /* ATDriverVoice */ = {
			isa = PBXGroup;
			children = (
				ADAEB3D229E76351003EF3FD /* ContentView.swift */,
				ADAEB3EA29E76351003EF3FD /* ATDriverVoiceApp.swift */,
				ADAEB3EF29E76352003EF3FD /* Assets.xcassets */,
				ADAEB3F129E76352003EF3FD /* ATDriverVoice.entitlements */,
				ADAEB3D429E76351003EF3FD /* Common */,
				ADAEB3E529E76351003EF3FD /* Model */,
				ADAEB3EC29E76351003EF3FD /* Preview Content */,
			);
			path = ATDriverVoice;
			sourceTree = "<group>";
		};
		ADAEB3D429E76351003EF3FD /* Common */ = {
			isa = PBXGroup;
			children = (
				ADAEB3E029E76351003EF3FD /* TypeAliases.swift */,
				ADAEB3D529E76351003EF3FD /* UI */,
				ADAEB3D829E76351003EF3FD /* Audio */,
				ADAEB3DD29E76351003EF3FD /* MIDI */,
				ADAEB3E229E76351003EF3FD /* String */,
			);
			path = Common;
			sourceTree = "<group>";
		};
		ADAEB3D529E76351003EF3FD /* UI */ = {
			isa = PBXGroup;
			children = (
				ADAEB3D629E76351003EF3FD /* ViewControllerRepresentable.swift */,
			);
			path = UI;
			sourceTree = "<group>";
		};
		ADAEB3D829E76351003EF3FD /* Audio */ = {
			isa = PBXGroup;
			children = (
				ADAEB3D929E76351003EF3FD /* Synth.aif */,
				ADAEB3DB29E76351003EF3FD /* SimplePlayEngine.swift */,
			);
			path = Audio;
			sourceTree = "<group>";
		};
		ADAEB3DD29E76351003EF3FD /* MIDI */ = {
			isa = PBXGroup;
			children = (
				ADAEB3DE29E76351003EF3FD /* MIDIManager.swift */,
			);
			path = MIDI;
			sourceTree = "<group>";
		};
		ADAEB3E229E76351003EF3FD /* String */ = {
			isa = PBXGroup;
			children = (
				ADAEB3E329E76351003EF3FD /* StringHelpers.swift */,
			);
			path = String;
			sourceTree = "<group>";
		};
		ADAEB3E529E76351003EF3FD /* Model */ = {
			isa = PBXGroup;
			children = (
				ADAEB3E629E76351003EF3FD /* AudioUnitHostModel.swift */,
				ADAEB3E829E76351003EF3FD /* AudioUnitViewModel.swift */,
			);
			path = Model;
			sourceTree = "<group>";
		};
		ADAEB3EC29E76351003EF3FD /* Preview Content */ = {
			isa = PBXGroup;
			children = (
				ADAEB3ED29E76351003EF3FD /* Preview Assets.xcassets */,
			);
			path = "Preview Content";
			sourceTree = "<group>";
		};
		ADAEB3F929E76352003EF3FD /* ATDriverVoiceTests */ = {
			isa = PBXGroup;
			children = (
				ADAEB3FA29E76352003EF3FD /* ATDriverVoiceTests.swift */,
			);
			path = ATDriverVoiceTests;
			sourceTree = "<group>";
		};
		ADAEB40329E76352003EF3FD /* ATDriverVoiceUITests */ = {
			isa = PBXGroup;
			children = (
				ADAEB40429E76352003EF3FD /* ATDriverVoiceUITests.swift */,
				ADAEB40629E76352003EF3FD /* ATDriverVoiceUITestsLaunchTests.swift */,
			);
			path = ATDriverVoiceUITests;
			sourceTree = "<group>";
		};
		ADAEB41029E76352003EF3FD /* ATDriverVoiceExtension */ = {
			isa = PBXGroup;
			children = (
				ADAEB41129E76352003EF3FD /* README.md */,
				ADAEB42629E76352003EF3FD /* Info.plist */,
				ADAEB41329E76352003EF3FD /* Common */,
				ADAEB42029E76352003EF3FD /* Parameters */,
			);
			path = ATDriverVoiceExtension;
			sourceTree = "<group>";
		};
		ADAEB41329E76352003EF3FD /* Common */ = {
			isa = PBXGroup;
			children = (
				ADAEB41429E76352003EF3FD /* ATDriverVoiceExtension-Bridging-Header.h */,
				ADAEB41529E76352003EF3FD /* Parameters */,
				ADAEB41829E76352003EF3FD /* Utility */,
				ADAEB41D29E76352003EF3FD /* Audio Unit */,
				ADAEB42329E76352003EF3FD /* AudioUnitFactory */,
			);
			path = Common;
			sourceTree = "<group>";
		};
		ADAEB41529E76352003EF3FD /* Parameters */ = {
			isa = PBXGroup;
			children = (
				ADAEB41629E76352003EF3FD /* ParameterSpecBase.swift */,
			);
			path = Parameters;
			sourceTree = "<group>";
		};
		ADAEB41829E76352003EF3FD /* Utility */ = {
			isa = PBXGroup;
			children = (
				ADAEB41929E76352003EF3FD /* CrossPlatform.swift */,
				ADAEB41B29E76352003EF3FD /* String+Utils.swift */,
			);
			path = Utility;
			sourceTree = "<group>";
		};
		ADAEB41D29E76352003EF3FD /* Audio Unit */ = {
			isa = PBXGroup;
			children = (
				ADAEB41E29E76352003EF3FD /* ATDriverVoiceExtensionAudioUnit.swift */,
			);
			path = "Audio Unit";
			sourceTree = "<group>";
		};
		ADAEB42029E76352003EF3FD /* Parameters */ = {
			isa = PBXGroup;
			children = (
				ADAEB42129E76352003EF3FD /* Parameters.swift */,
			);
			path = Parameters;
			sourceTree = "<group>";
		};
		ADAEB42329E76352003EF3FD /* AudioUnitFactory */ = {
			isa = PBXGroup;
			children = (
				ADAEB42429E76352003EF3FD /* AudioUnitFactory.swift */,
			);
			path = AudioUnitFactory;
			sourceTree = "<group>";
		};
/* End PBXGroup section */

/* Begin PBXNativeTarget section */
		ADAEB3CE29E76351003EF3FD /* ATDriverVoice */ = {
			isa = PBXNativeTarget;
			buildConfigurationList = ADAEB42D29E76352003EF3FD /* Build configuration list for PBXNativeTarget "ATDriverVoice" */;
			buildPhases = (
				ADAEB3CB29E76351003EF3FD /* Sources */,
				ADAEB3CC29E76351003EF3FD /* Frameworks */,
				ADAEB3CD29E76351003EF3FD /* Resources */,
				ADAEB42C29E76352003EF3FD /* Embed Foundation Extensions */,
			);
			buildRules = (
			);
			dependencies = (
				ADAEB40F29E76352003EF3FD /* PBXTargetDependency */,
			);
			name = ATDriverVoice;
			productName = ATDriverVoice;
			productReference = ADAEB3CF29E76351003EF3FD /* ATDriverVoice.app */;
			productType = "com.apple.product-type.application";
		};
		ADAEB3F529E76352003EF3FD /* ATDriverVoiceTests */ = {
			isa = PBXNativeTarget;
			buildConfigurationList = ADAEB43029E76352003EF3FD /* Build configuration list for PBXNativeTarget "ATDriverVoiceTests" */;
			buildPhases = (
				ADAEB3F229E76352003EF3FD /* Sources */,
				ADAEB3F329E76352003EF3FD /* Frameworks */,
				ADAEB3F429E76352003EF3FD /* Resources */,
			);
			buildRules = (
			);
			dependencies = (
				ADAEB3F829E76352003EF3FD /* PBXTargetDependency */,
			);
			name = ATDriverVoiceTests;
			productName = ATDriverVoiceTests;
			productReference = ADAEB3F629E76352003EF3FD /* ATDriverVoiceTests.xctest */;
			productType = "com.apple.product-type.bundle.unit-test";
		};
		ADAEB3FF29E76352003EF3FD /* ATDriverVoiceUITests */ = {
			isa = PBXNativeTarget;
			buildConfigurationList = ADAEB43329E76352003EF3FD /* Build configuration list for PBXNativeTarget "ATDriverVoiceUITests" */;
			buildPhases = (
				ADAEB3FC29E76352003EF3FD /* Sources */,
				ADAEB3FD29E76352003EF3FD /* Frameworks */,
				ADAEB3FE29E76352003EF3FD /* Resources */,
			);
			buildRules = (
			);
			dependencies = (
				ADAEB40229E76352003EF3FD /* PBXTargetDependency */,
			);
			name = ATDriverVoiceUITests;
			productName = ATDriverVoiceUITests;
			productReference = ADAEB40029E76352003EF3FD /* ATDriverVoiceUITests.xctest */;
			productType = "com.apple.product-type.bundle.ui-testing";
		};
		ADAEB40B29E76352003EF3FD /* ATDriverVoiceExtension */ = {
			isa = PBXNativeTarget;
			buildConfigurationList = ADAEB42929E76352003EF3FD /* Build configuration list for PBXNativeTarget "ATDriverVoiceExtension" */;
			buildPhases = (
				ADAEB40829E76352003EF3FD /* Sources */,
				ADAEB40929E76352003EF3FD /* Frameworks */,
				ADAEB40A29E76352003EF3FD /* Resources */,
			);
			buildRules = (
			);
			dependencies = (
			);
			name = ATDriverVoiceExtension;
			productName = ATDriverVoiceExtension;
			productReference = ADAEB40C29E76352003EF3FD /* ATDriverVoiceExtension.appex */;
			productType = "com.apple.product-type.app-extension";
		};
/* End PBXNativeTarget section */

/* Begin PBXProject section */
		ADAEB3C729E76351003EF3FD /* Project object */ = {
			isa = PBXProject;
			attributes = {
				BuildIndependentTargetsInParallel = 1;
				LastSwiftUpdateCheck = 1430;
				LastUpgradeCheck = 1430;
				TargetAttributes = {
					ADAEB3CE29E76351003EF3FD = {
						CreatedOnToolsVersion = 14.3;
					};
					ADAEB3F529E76352003EF3FD = {
						CreatedOnToolsVersion = 14.3;
						TestTargetID = ADAEB3CE29E76351003EF3FD;
					};
					ADAEB3FF29E76352003EF3FD = {
						CreatedOnToolsVersion = 14.3;
						TestTargetID = ADAEB3CE29E76351003EF3FD;
					};
					ADAEB40B29E76352003EF3FD = {
						CreatedOnToolsVersion = 14.3;
					};
				};
			};
			buildConfigurationList = ADAEB3CA29E76351003EF3FD /* Build configuration list for PBXProject "ATDriverVoice" */;
			compatibilityVersion = "Xcode 14.0";
			developmentRegion = en;
			hasScannedForEncodings = 0;
			knownRegions = (
				en,
				Base,
			);
			mainGroup = ADAEB3C629E76351003EF3FD;
			productRefGroup = ADAEB3D029E76351003EF3FD /* Products */;
			projectDirPath = "";
			projectRoot = "";
			targets = (
				ADAEB3CE29E76351003EF3FD /* ATDriverVoice */,
				ADAEB3F529E76352003EF3FD /* ATDriverVoiceTests */,
				ADAEB3FF29E76352003EF3FD /* ATDriverVoiceUITests */,
				ADAEB40B29E76352003EF3FD /* ATDriverVoiceExtension */,
			);
		};
/* End PBXProject section */

/* Begin PBXResourcesBuildPhase section */
		ADAEB3CD29E76351003EF3FD /* Resources */ = {
			isa = PBXResourcesBuildPhase;
			buildActionMask = 2147483647;
			files = (
				ADAEB3EE29E76351003EF3FD /* Preview Assets.xcassets in Resources */,
				ADAEB3F029E76352003EF3FD /* Assets.xcassets in Resources */,
				ADAEB3DA29E76351003EF3FD /* Synth.aif in Resources */,
			);
			runOnlyForDeploymentPostprocessing = 0;
		};
		ADAEB3F429E76352003EF3FD /* Resources */ = {
			isa = PBXResourcesBuildPhase;
			buildActionMask = 2147483647;
			files = (
			);
			runOnlyForDeploymentPostprocessing = 0;
		};
		ADAEB3FE29E76352003EF3FD /* Resources */ = {
			isa = PBXResourcesBuildPhase;
			buildActionMask = 2147483647;
			files = (
			);
			runOnlyForDeploymentPostprocessing = 0;
		};
		ADAEB40A29E76352003EF3FD /* Resources */ = {
			isa = PBXResourcesBuildPhase;
			buildActionMask = 2147483647;
			files = (
				ADAEB41229E76352003EF3FD /* README.md in Resources */,
			);
			runOnlyForDeploymentPostprocessing = 0;
		};
/* End PBXResourcesBuildPhase section */

/* Begin PBXSourcesBuildPhase section */
		ADAEB3CB29E76351003EF3FD /* Sources */ = {
			isa = PBXSourcesBuildPhase;
			buildActionMask = 2147483647;
			files = (
				ADAEB3E729E76351003EF3FD /* AudioUnitHostModel.swift in Sources */,
				ADAEB3E929E76351003EF3FD /* AudioUnitViewModel.swift in Sources */,
				ADAEB3D329E76351003EF3FD /* ContentView.swift in Sources */,
				ADAEB3D729E76351003EF3FD /* ViewControllerRepresentable.swift in Sources */,
				ADAEB3E429E76351003EF3FD /* StringHelpers.swift in Sources */,
				ADAEB3DF29E76351003EF3FD /* MIDIManager.swift in Sources */,
				ADAEB3E129E76351003EF3FD /* TypeAliases.swift in Sources */,
				ADAEB3DC29E76351003EF3FD /* SimplePlayEngine.swift in Sources */,
				ADAEB3EB29E76351003EF3FD /* ATDriverVoiceApp.swift in Sources */,
			);
			runOnlyForDeploymentPostprocessing = 0;
		};
		ADAEB3F229E76352003EF3FD /* Sources */ = {
			isa = PBXSourcesBuildPhase;
			buildActionMask = 2147483647;
			files = (
				ADAEB3FB29E76352003EF3FD /* ATDriverVoiceTests.swift in Sources */,
			);
			runOnlyForDeploymentPostprocessing = 0;
		};
		ADAEB3FC29E76352003EF3FD /* Sources */ = {
			isa = PBXSourcesBuildPhase;
			buildActionMask = 2147483647;
			files = (
				ADAEB40729E76352003EF3FD /* ATDriverVoiceUITestsLaunchTests.swift in Sources */,
				ADAEB40529E76352003EF3FD /* ATDriverVoiceUITests.swift in Sources */,
			);
			runOnlyForDeploymentPostprocessing = 0;
		};
		ADAEB40829E76352003EF3FD /* Sources */ = {
			isa = PBXSourcesBuildPhase;
			buildActionMask = 2147483647;
			files = (
				ADAEB42229E76352003EF3FD /* Parameters.swift in Sources */,
				ADAEB41729E76352003EF3FD /* ParameterSpecBase.swift in Sources */,
				ADAEB41A29E76352003EF3FD /* CrossPlatform.swift in Sources */,
				ADAEB42529E76352003EF3FD /* AudioUnitFactory.swift in Sources */,
				ADAEB41F29E76352003EF3FD /* ATDriverVoiceExtensionAudioUnit.swift in Sources */,
				ADAEB41C29E76352003EF3FD /* String+Utils.swift in Sources */,
			);
			runOnlyForDeploymentPostprocessing = 0;
		};
/* End PBXSourcesBuildPhase section */

/* Begin PBXTargetDependency section */
		ADAEB3F829E76352003EF3FD /* PBXTargetDependency */ = {
			isa = PBXTargetDependency;
			target = ADAEB3CE29E76351003EF3FD /* ATDriverVoice */;
			targetProxy = ADAEB3F729E76352003EF3FD /* PBXContainerItemProxy */;
		};
		ADAEB40229E76352003EF3FD /* PBXTargetDependency */ = {
			isa = PBXTargetDependency;
			target = ADAEB3CE29E76351003EF3FD /* ATDriverVoice */;
			targetProxy = ADAEB40129E76352003EF3FD /* PBXContainerItemProxy */;
		};
		ADAEB40F29E76352003EF3FD /* PBXTargetDependency */ = {
			isa = PBXTargetDependency;
			target = ADAEB40B29E76352003EF3FD /* ATDriverVoiceExtension */;
			targetProxy = ADAEB40E29E76352003EF3FD /* PBXContainerItemProxy */;
		};
/* End PBXTargetDependency section */

/* Begin XCBuildConfiguration section */
		ADAEB42729E76352003EF3FD /* Debug */ = {
			isa = XCBuildConfiguration;
			buildSettings = {
				ALWAYS_SEARCH_USER_PATHS = NO;
				CLANG_ANALYZER_NONNULL = YES;
				CLANG_ANALYZER_NUMBER_OBJECT_CONVERSION = YES_AGGRESSIVE;
				CLANG_CXX_LANGUAGE_STANDARD = "gnu++20";
				CLANG_ENABLE_MODULES = YES;
				CLANG_ENABLE_OBJC_ARC = YES;
				CLANG_ENABLE_OBJC_WEAK = YES;
				CLANG_WARN_BLOCK_CAPTURE_AUTORELEASING = YES;
				CLANG_WARN_BOOL_CONVERSION = YES;
				CLANG_WARN_COMMA = YES;
				CLANG_WARN_CONSTANT_CONVERSION = YES;
				CLANG_WARN_DEPRECATED_OBJC_IMPLEMENTATIONS = YES;
				CLANG_WARN_DIRECT_OBJC_ISA_USAGE = YES_ERROR;
				CLANG_WARN_DOCUMENTATION_COMMENTS = YES;
				CLANG_WARN_EMPTY_BODY = YES;
				CLANG_WARN_ENUM_CONVERSION = YES;
				CLANG_WARN_INFINITE_RECURSION = YES;
				CLANG_WARN_INT_CONVERSION = YES;
				CLANG_WARN_NON_LITERAL_NULL_CONVERSION = YES;
				CLANG_WARN_OBJC_IMPLICIT_RETAIN_SELF = YES;
				CLANG_WARN_OBJC_LITERAL_CONVERSION = YES;
				CLANG_WARN_OBJC_ROOT_CLASS = YES_ERROR;
				CLANG_WARN_QUOTED_INCLUDE_IN_FRAMEWORK_HEADER = YES;
				CLANG_WARN_RANGE_LOOP_ANALYSIS = YES;
				CLANG_WARN_STRICT_PROTOTYPES = YES;
				CLANG_WARN_SUSPICIOUS_MOVE = YES;
				CLANG_WARN_UNGUARDED_AVAILABILITY = YES_AGGRESSIVE;
				CLANG_WARN_UNREACHABLE_CODE = YES;
				CLANG_WARN__DUPLICATE_METHOD_MATCH = YES;
				COPY_PHASE_STRIP = NO;
				DEBUG_INFORMATION_FORMAT = dwarf;
				ENABLE_STRICT_OBJC_MSGSEND = YES;
				ENABLE_TESTABILITY = YES;
				GCC_C_LANGUAGE_STANDARD = gnu11;
				GCC_DYNAMIC_NO_PIC = NO;
				GCC_NO_COMMON_BLOCKS = YES;
				GCC_OPTIMIZATION_LEVEL = 0;
				GCC_PREPROCESSOR_DEFINITIONS = (
					"DEBUG=1",
					"$(inherited)",
				);
				GCC_WARN_64_TO_32_BIT_CONVERSION = YES;
				GCC_WARN_ABOUT_RETURN_TYPE = YES_ERROR;
				GCC_WARN_UNDECLARED_SELECTOR = YES;
				GCC_WARN_UNINITIALIZED_AUTOS = YES_AGGRESSIVE;
				GCC_WARN_UNUSED_FUNCTION = YES;
				GCC_WARN_UNUSED_VARIABLE = YES;
				MACOSX_DEPLOYMENT_TARGET = 13.3;
				MTL_ENABLE_DEBUG_INFO = INCLUDE_SOURCE;
				MTL_FAST_MATH = YES;
				ONLY_ACTIVE_ARCH = YES;
				SDKROOT = macosx;
				SWIFT_ACTIVE_COMPILATION_CONDITIONS = DEBUG;
				SWIFT_OPTIMIZATION_LEVEL = "-Onone";
			};
			name = Debug;
		};
		ADAEB42829E76352003EF3FD /* Release */ = {
			isa = XCBuildConfiguration;
			buildSettings = {
				ALWAYS_SEARCH_USER_PATHS = NO;
				CLANG_ANALYZER_NONNULL = YES;
				CLANG_ANALYZER_NUMBER_OBJECT_CONVERSION = YES_AGGRESSIVE;
				CLANG_CXX_LANGUAGE_STANDARD = "gnu++20";
				CLANG_ENABLE_MODULES = YES;
				CLANG_ENABLE_OBJC_ARC = YES;
				CLANG_ENABLE_OBJC_WEAK = YES;
				CLANG_WARN_BLOCK_CAPTURE_AUTORELEASING = YES;
				CLANG_WARN_BOOL_CONVERSION = YES;
				CLANG_WARN_COMMA = YES;
				CLANG_WARN_CONSTANT_CONVERSION = YES;
				CLANG_WARN_DEPRECATED_OBJC_IMPLEMENTATIONS = YES;
				CLANG_WARN_DIRECT_OBJC_ISA_USAGE = YES_ERROR;
				CLANG_WARN_DOCUMENTATION_COMMENTS = YES;
				CLANG_WARN_EMPTY_BODY = YES;
				CLANG_WARN_ENUM_CONVERSION = YES;
				CLANG_WARN_INFINITE_RECURSION = YES;
				CLANG_WARN_INT_CONVERSION = YES;
				CLANG_WARN_NON_LITERAL_NULL_CONVERSION = YES;
				CLANG_WARN_OBJC_IMPLICIT_RETAIN_SELF = YES;
				CLANG_WARN_OBJC_LITERAL_CONVERSION = YES;
				CLANG_WARN_OBJC_ROOT_CLASS = YES_ERROR;
				CLANG_WARN_QUOTED_INCLUDE_IN_FRAMEWORK_HEADER = YES;
				CLANG_WARN_RANGE_LOOP_ANALYSIS = YES;
				CLANG_WARN_STRICT_PROTOTYPES = YES;
				CLANG_WARN_SUSPICIOUS_MOVE = YES;
				CLANG_WARN_UNGUARDED_AVAILABILITY = YES_AGGRESSIVE;
				CLANG_WARN_UNREACHABLE_CODE = YES;
				CLANG_WARN__DUPLICATE_METHOD_MATCH = YES;
				COPY_PHASE_STRIP = NO;
				DEBUG_INFORMATION_FORMAT = "dwarf-with-dsym";
				ENABLE_NS_ASSERTIONS = NO;
				ENABLE_STRICT_OBJC_MSGSEND = YES;
				GCC_C_LANGUAGE_STANDARD = gnu11;
				GCC_NO_COMMON_BLOCKS = YES;
				GCC_WARN_64_TO_32_BIT_CONVERSION = YES;
				GCC_WARN_ABOUT_RETURN_TYPE = YES_ERROR;
				GCC_WARN_UNDECLARED_SELECTOR = YES;
				GCC_WARN_UNINITIALIZED_AUTOS = YES_AGGRESSIVE;
				GCC_WARN_UNUSED_FUNCTION = YES;
				GCC_WARN_UNUSED_VARIABLE = YES;
				MACOSX_DEPLOYMENT_TARGET = 13.3;
				MTL_ENABLE_DEBUG_INFO = NO;
				MTL_FAST_MATH = YES;
				SDKROOT = macosx;
				SWIFT_COMPILATION_MODE = wholemodule;
				SWIFT_OPTIMIZATION_LEVEL = "-O";
			};
			name = Release;
		};
		ADAEB42A29E76352003EF3FD /* Debug */ = {
			isa = XCBuildConfiguration;
			buildSettings = {
				CLANG_CXX_LANGUAGE_STANDARD = "c++20";
				CLANG_CXX_LIBRARY = "libc++";
				CODE_SIGN_STYLE = Automatic;
				CURRENT_PROJECT_VERSION = 1;
				DEVELOPMENT_TEAM = UWBB3Z7TG8;
				ENABLE_APP_SANDBOX = YES;
				ENABLE_HARDENED_RUNTIME = YES;
				ENABLE_USER_SELECTED_FILES = readonly;
				GENERATE_INFOPLIST_FILE = YES;
				INFOPLIST_FILE = ATDriverVoiceExtension/Info.plist;
				INFOPLIST_KEY_CFBundleDisplayName = ATDriverVoiceExtension;
				INFOPLIST_KEY_NSHumanReadableCopyright = "";
				LD_RUNPATH_SEARCH_PATHS = (
					"$(inherited)",
					"@executable_path/../Frameworks",
					"@executable_path/../../../../Frameworks",
				);
				MACOSX_DEPLOYMENT_TARGET = 13.0;
				MARKETING_VERSION = 1.0;
				PRODUCT_BUNDLE_IDENTIFIER = com.bocoup.ATDriverVoice.ATDriverVoiceExtension;
				PRODUCT_NAME = "$(TARGET_NAME)";
				SKIP_INSTALL = YES;
				SWIFT_EMIT_LOC_STRINGS = YES;
				SWIFT_OBJC_BRIDGING_HEADER = "ATDriverVoiceExtension/Common/ATDriverVoiceExtension-Bridging-Header.h";
				SWIFT_VERSION = 5.0;
			};
			name = Debug;
		};
		ADAEB42B29E76352003EF3FD /* Release */ = {
			isa = XCBuildConfiguration;
			buildSettings = {
				CLANG_CXX_LANGUAGE_STANDARD = "c++20";
				CLANG_CXX_LIBRARY = "libc++";
				CODE_SIGN_STYLE = Automatic;
				CURRENT_PROJECT_VERSION = 1;
				DEVELOPMENT_TEAM = UWBB3Z7TG8;
				ENABLE_APP_SANDBOX = YES;
				ENABLE_HARDENED_RUNTIME = YES;
				ENABLE_USER_SELECTED_FILES = readonly;
				GENERATE_INFOPLIST_FILE = YES;
				INFOPLIST_FILE = ATDriverVoiceExtension/Info.plist;
				INFOPLIST_KEY_CFBundleDisplayName = ATDriverVoiceExtension;
				INFOPLIST_KEY_NSHumanReadableCopyright = "";
				LD_RUNPATH_SEARCH_PATHS = (
					"$(inherited)",
					"@executable_path/../Frameworks",
					"@executable_path/../../../../Frameworks",
				);
				MACOSX_DEPLOYMENT_TARGET = 13.0;
				MARKETING_VERSION = 1.0;
				PRODUCT_BUNDLE_IDENTIFIER = com.bocoup.ATDriverVoice.ATDriverVoiceExtension;
				PRODUCT_NAME = "$(TARGET_NAME)";
				SKIP_INSTALL = YES;
				SWIFT_EMIT_LOC_STRINGS = YES;
				SWIFT_OBJC_BRIDGING_HEADER = "ATDriverVoiceExtension/Common/ATDriverVoiceExtension-Bridging-Header.h";
				SWIFT_VERSION = 5.0;
			};
			name = Release;
		};
		ADAEB42E29E76352003EF3FD /* Debug */ = {
			isa = XCBuildConfiguration;
			buildSettings = {
				ALWAYS_EMBED_SWIFT_STANDARD_LIBRARIES = YES;
				ASSETCATALOG_COMPILER_APPICON_NAME = AppIcon;
				ASSETCATALOG_COMPILER_GLOBAL_ACCENT_COLOR_NAME = AccentColor;
				CODE_SIGN_ENTITLEMENTS = ATDriverVoice/ATDriverVoice.entitlements;
				CODE_SIGN_STYLE = Automatic;
				COMBINE_HIDPI_IMAGES = YES;
				CURRENT_PROJECT_VERSION = 1;
				DEVELOPMENT_ASSET_PATHS = "\"ATDriverVoice/Preview Content\"";
				DEVELOPMENT_TEAM = UWBB3Z7TG8;
				ENABLE_APP_SANDBOX = YES;
				ENABLE_HARDENED_RUNTIME = YES;
				ENABLE_PREVIEWS = YES;
				ENABLE_USER_SELECTED_FILES = readonly;
				GENERATE_INFOPLIST_FILE = YES;
				INFOPLIST_KEY_CFBundleDisplayName = ATDriverVoice;
				INFOPLIST_KEY_NSHumanReadableCopyright = "";
				LD_RUNPATH_SEARCH_PATHS = (
					"$(inherited)",
					"@executable_path/../Frameworks",
				);
				MACOSX_DEPLOYMENT_TARGET = 13.0;
				MARKETING_VERSION = 1.0;
				OTHER_LDFLAGS = (
					"-framework",
					AudioToolbox,
					"-framework",
					AVFoundation,
				);
				PRODUCT_BUNDLE_IDENTIFIER = com.bocoup.ATDriverVoice;
				PRODUCT_NAME = "$(TARGET_NAME)";
				SWIFT_EMIT_LOC_STRINGS = YES;
				SWIFT_VERSION = 5.0;
			};
			name = Debug;
		};
		ADAEB42F29E76352003EF3FD /* Release */ = {
			isa = XCBuildConfiguration;
			buildSettings = {
				ALWAYS_EMBED_SWIFT_STANDARD_LIBRARIES = YES;
				ASSETCATALOG_COMPILER_APPICON_NAME = AppIcon;
				ASSETCATALOG_COMPILER_GLOBAL_ACCENT_COLOR_NAME = AccentColor;
				CODE_SIGN_ENTITLEMENTS = ATDriverVoice/ATDriverVoice.entitlements;
				CODE_SIGN_STYLE = Automatic;
				COMBINE_HIDPI_IMAGES = YES;
				CURRENT_PROJECT_VERSION = 1;
				DEVELOPMENT_ASSET_PATHS = "\"ATDriverVoice/Preview Content\"";
				DEVELOPMENT_TEAM = UWBB3Z7TG8;
				ENABLE_APP_SANDBOX = YES;
				ENABLE_HARDENED_RUNTIME = YES;
				ENABLE_PREVIEWS = YES;
				ENABLE_USER_SELECTED_FILES = readonly;
				GENERATE_INFOPLIST_FILE = YES;
				INFOPLIST_KEY_CFBundleDisplayName = ATDriverVoice;
				INFOPLIST_KEY_NSHumanReadableCopyright = "";
				LD_RUNPATH_SEARCH_PATHS = (
					"$(inherited)",
					"@executable_path/../Frameworks",
				);
				MACOSX_DEPLOYMENT_TARGET = 13.0;
				MARKETING_VERSION = 1.0;
				OTHER_LDFLAGS = (
					"-framework",
					AudioToolbox,
					"-framework",
					AVFoundation,
				);
				PRODUCT_BUNDLE_IDENTIFIER = com.bocoup.ATDriverVoice;
				PRODUCT_NAME = "$(TARGET_NAME)";
				SWIFT_EMIT_LOC_STRINGS = YES;
				SWIFT_VERSION = 5.0;
			};
			name = Release;
		};
		ADAEB43129E76352003EF3FD /* Debug */ = {
			isa = XCBuildConfiguration;
			buildSettings = {
				ALWAYS_EMBED_SWIFT_STANDARD_LIBRARIES = YES;
				BUNDLE_LOADER = "$(TEST_HOST)";
				CODE_SIGN_STYLE = Automatic;
				CURRENT_PROJECT_VERSION = 1;
				DEVELOPMENT_TEAM = UWBB3Z7TG8;
				GENERATE_INFOPLIST_FILE = YES;
				MACOSX_DEPLOYMENT_TARGET = 13.0;
				MARKETING_VERSION = 1.0;
				PRODUCT_BUNDLE_IDENTIFIER = com.bocoup.ATDriverVoiceTests;
				PRODUCT_NAME = "$(TARGET_NAME)";
				SWIFT_EMIT_LOC_STRINGS = NO;
				SWIFT_VERSION = 5.0;
				TEST_HOST = "$(BUILT_PRODUCTS_DIR)/ATDriverVoice.app/$(BUNDLE_EXECUTABLE_FOLDER_PATH)/ATDriverVoice";
			};
			name = Debug;
		};
		ADAEB43229E76352003EF3FD /* Release */ = {
			isa = XCBuildConfiguration;
			buildSettings = {
				ALWAYS_EMBED_SWIFT_STANDARD_LIBRARIES = YES;
				BUNDLE_LOADER = "$(TEST_HOST)";
				CODE_SIGN_STYLE = Automatic;
				CURRENT_PROJECT_VERSION = 1;
				DEVELOPMENT_TEAM = UWBB3Z7TG8;
				GENERATE_INFOPLIST_FILE = YES;
				MACOSX_DEPLOYMENT_TARGET = 13.0;
				MARKETING_VERSION = 1.0;
				PRODUCT_BUNDLE_IDENTIFIER = com.bocoup.ATDriverVoiceTests;
				PRODUCT_NAME = "$(TARGET_NAME)";
				SWIFT_EMIT_LOC_STRINGS = NO;
				SWIFT_VERSION = 5.0;
				TEST_HOST = "$(BUILT_PRODUCTS_DIR)/ATDriverVoice.app/$(BUNDLE_EXECUTABLE_FOLDER_PATH)/ATDriverVoice";
			};
			name = Release;
		};
		ADAEB43429E76352003EF3FD /* Debug */ = {
			isa = XCBuildConfiguration;
			buildSettings = {
				ALWAYS_EMBED_SWIFT_STANDARD_LIBRARIES = YES;
				CODE_SIGN_STYLE = Automatic;
				CURRENT_PROJECT_VERSION = 1;
				DEVELOPMENT_TEAM = UWBB3Z7TG8;
				GENERATE_INFOPLIST_FILE = YES;
				MARKETING_VERSION = 1.0;
				PRODUCT_BUNDLE_IDENTIFIER = com.bocoup.ATDriverVoiceUITests;
				PRODUCT_NAME = "$(TARGET_NAME)";
				SWIFT_EMIT_LOC_STRINGS = NO;
				SWIFT_VERSION = 5.0;
				TEST_TARGET_NAME = ATDriverVoice;
			};
			name = Debug;
		};
		ADAEB43529E76352003EF3FD /* Release */ = {
			isa = XCBuildConfiguration;
			buildSettings = {
				ALWAYS_EMBED_SWIFT_STANDARD_LIBRARIES = YES;
				CODE_SIGN_STYLE = Automatic;
				CURRENT_PROJECT_VERSION = 1;
				DEVELOPMENT_TEAM = UWBB3Z7TG8;
				GENERATE_INFOPLIST_FILE = YES;
				MARKETING_VERSION = 1.0;
				PRODUCT_BUNDLE_IDENTIFIER = com.bocoup.ATDriverVoiceUITests;
				PRODUCT_NAME = "$(TARGET_NAME)";
				SWIFT_EMIT_LOC_STRINGS = NO;
				SWIFT_VERSION = 5.0;
				TEST_TARGET_NAME = ATDriverVoice;
			};
			name = Release;
		};
/* End XCBuildConfiguration section */

/* Begin XCConfigurationList section */
		ADAEB3CA29E76351003EF3FD /* Build configuration list for PBXProject "ATDriverVoice" */ = {
			isa = XCConfigurationList;
			buildConfigurations = (
				ADAEB42729E76352003EF3FD /* Debug */,
				ADAEB42829E76352003EF3FD /* Release */,
			);
			defaultConfigurationIsVisible = 0;
			defaultConfigurationName = Release;
		};
		ADAEB42929E76352003EF3FD /* Build configuration list for PBXNativeTarget "ATDriverVoiceExtension" */ = {
			isa = XCConfigurationList;
			buildConfigurations = (
				ADAEB42A29E76352003EF3FD /* Debug */,
				ADAEB42B29E76352003EF3FD /* Release */,
			);
			defaultConfigurationIsVisible = 0;
			defaultConfigurationName = Release;
		};
		ADAEB42D29E76352003EF3FD /* Build configuration list for PBXNativeTarget "ATDriverVoice" */ = {
			isa = XCConfigurationList;
			buildConfigurations = (
				ADAEB42E29E76352003EF3FD /* Debug */,
				ADAEB42F29E76352003EF3FD /* Release */,
			);
			defaultConfigurationIsVisible = 0;
			defaultConfigurationName = Release;
		};
		ADAEB43029E76352003EF3FD /* Build configuration list for PBXNativeTarget "ATDriverVoiceTests" */ = {
			isa = XCConfigurationList;
			buildConfigurations = (
				ADAEB43129E76352003EF3FD /* Debug */,
				ADAEB43229E76352003EF3FD /* Release */,
			);
			defaultConfigurationIsVisible = 0;
			defaultConfigurationName = Release;
		};
		ADAEB43329E76352003EF3FD /* Build configuration list for PBXNativeTarget "ATDriverVoiceUITests" */ = {
			isa = XCConfigurationList;
			buildConfigurations = (
				ADAEB43429E76352003EF3FD /* Debug */,
				ADAEB43529E76352003EF3FD /* Release */,
			);
			defaultConfigurationIsVisible = 0;
			defaultConfigurationName = Release;
		};
/* End XCConfigurationList section */
	};
	rootObject = ADAEB3C729E76351003EF3FD /* Project object */;
}
