// !$*UTF8*$!
{
	archiveVersion = 1;
	classes = {
	};
	objectVersion = 56;
	objects = {

/* Begin PBXBuildFile section */
		ADB451E829E6105500FD389C /* MyInstallerPane.m in Sources */ = {isa = PBXBuildFile; fileRef = ADB451E729E6105500FD389C /* MyInstallerPane.m */; };
		ADB451EB29E6105500FD389C /* MyInstallerPane.xib in Resources */ = {isa = PBXBuildFile; fileRef = ADB451E929E6105500FD389C /* MyInstallerPane.xib */; };
		ADB451EE29E6105500FD389C /* Localizable.strings in Resources */ = {isa = PBXBuildFile; fileRef = ADB451EC29E6105500FD389C /* Localizable.strings */; };
		ADB451F029E6105500FD389C /* InstallerSections.plist in Resources */ = {isa = PBXBuildFile; fileRef = ADB451EF29E6105500FD389C /* InstallerSections.plist */; };
		ADB451F429E6105500FD389C /* InfoPlist.strings in Resources */ = {isa = PBXBuildFile; fileRef = ADB451F229E6105500FD389C /* InfoPlist.strings */; };
/* End PBXBuildFile section */

/* Begin PBXFileReference section */
		ADB451E329E6105500FD389C /* Voice Installer.bundle */ = {isa = PBXFileReference; explicitFileType = wrapper.cfbundle; includeInIndex = 0; path = "Voice Installer.bundle"; sourceTree = BUILT_PRODUCTS_DIR; };
		ADB451E629E6105500FD389C /* MyInstallerPane.h */ = {isa = PBXFileReference; lastKnownFileType = sourcecode.c.h; path = MyInstallerPane.h; sourceTree = "<group>"; };
		ADB451E729E6105500FD389C /* MyInstallerPane.m */ = {isa = PBXFileReference; lastKnownFileType = sourcecode.c.objc; path = MyInstallerPane.m; sourceTree = "<group>"; };
		ADB451EA29E6105500FD389C /* Base */ = {isa = PBXFileReference; lastKnownFileType = file.xib; name = Base; path = Base.lproj/MyInstallerPane.xib; sourceTree = "<group>"; };
		ADB451ED29E6105500FD389C /* en */ = {isa = PBXFileReference; lastKnownFileType = text.plist.strings; name = en; path = en.lproj/Localizable.strings; sourceTree = "<group>"; };
		ADB451EF29E6105500FD389C /* InstallerSections.plist */ = {isa = PBXFileReference; lastKnownFileType = text.plist.xml; path = InstallerSections.plist; sourceTree = "<group>"; };
		ADB451F129E6105500FD389C /* Info.plist */ = {isa = PBXFileReference; lastKnownFileType = text.plist.xml; path = Info.plist; sourceTree = "<group>"; };
		ADB451F329E6105500FD389C /* en */ = {isa = PBXFileReference; lastKnownFileType = text.plist.strings; name = en; path = en.lproj/InfoPlist.strings; sourceTree = "<group>"; };
/* End PBXFileReference section */

/* Begin PBXFrameworksBuildPhase section */
		ADB451E029E6105500FD389C /* Frameworks */ = {
			isa = PBXFrameworksBuildPhase;
			buildActionMask = 2147483647;
			files = (
			);
			runOnlyForDeploymentPostprocessing = 0;
		};
/* End PBXFrameworksBuildPhase section */

/* Begin PBXGroup section */
		ADB451DA29E6105500FD389C = {
			isa = PBXGroup;
			children = (
				ADB451E529E6105500FD389C /* Voice Installer */,
				ADB451E429E6105500FD389C /* Products */,
			);
			sourceTree = "<group>";
		};
		ADB451E429E6105500FD389C /* Products */ = {
			isa = PBXGroup;
			children = (
				ADB451E329E6105500FD389C /* Voice Installer.bundle */,
			);
			name = Products;
			sourceTree = "<group>";
		};
		ADB451E529E6105500FD389C /* Voice Installer */ = {
			isa = PBXGroup;
			children = (
				ADB451E629E6105500FD389C /* MyInstallerPane.h */,
				ADB451E729E6105500FD389C /* MyInstallerPane.m */,
				ADB451E929E6105500FD389C /* MyInstallerPane.xib */,
				ADB451EC29E6105500FD389C /* Localizable.strings */,
				ADB451EF29E6105500FD389C /* InstallerSections.plist */,
				ADB451F129E6105500FD389C /* Info.plist */,
				ADB451F229E6105500FD389C /* InfoPlist.strings */,
			);
			path = "Voice Installer";
			sourceTree = "<group>";
		};
/* End PBXGroup section */

/* Begin PBXNativeTarget section */
		ADB451E229E6105500FD389C /* Voice Installer */ = {
			isa = PBXNativeTarget;
			buildConfigurationList = ADB451F729E6105500FD389C /* Build configuration list for PBXNativeTarget "Voice Installer" */;
			buildPhases = (
				ADB451DF29E6105500FD389C /* Sources */,
				ADB451E029E6105500FD389C /* Frameworks */,
				ADB451E129E6105500FD389C /* Resources */,
			);
			buildRules = (
			);
			dependencies = (
			);
			name = "Voice Installer";
			productName = "Voice Installer";
			productReference = ADB451E329E6105500FD389C /* Voice Installer.bundle */;
			productType = "com.apple.product-type.bundle";
		};
/* End PBXNativeTarget section */

/* Begin PBXProject section */
		ADB451DB29E6105500FD389C /* Project object */ = {
			isa = PBXProject;
			attributes = {
				BuildIndependentTargetsInParallel = 1;
				LastUpgradeCheck = 1430;
				TargetAttributes = {
					ADB451E229E6105500FD389C = {
						CreatedOnToolsVersion = 14.3;
					};
				};
			};
			buildConfigurationList = ADB451DE29E6105500FD389C /* Build configuration list for PBXProject "Voice Installer" */;
			compatibilityVersion = "Xcode 14.0";
			developmentRegion = en;
			hasScannedForEncodings = 0;
			knownRegions = (
				en,
				Base,
			);
			mainGroup = ADB451DA29E6105500FD389C;
			productRefGroup = ADB451E429E6105500FD389C /* Products */;
			projectDirPath = "";
			projectRoot = "";
			targets = (
				ADB451E229E6105500FD389C /* Voice Installer */,
			);
		};
/* End PBXProject section */

/* Begin PBXResourcesBuildPhase section */
		ADB451E129E6105500FD389C /* Resources */ = {
			isa = PBXResourcesBuildPhase;
			buildActionMask = 2147483647;
			files = (
				ADB451EB29E6105500FD389C /* MyInstallerPane.xib in Resources */,
				ADB451F429E6105500FD389C /* InfoPlist.strings in Resources */,
				ADB451EE29E6105500FD389C /* Localizable.strings in Resources */,
				ADB451F029E6105500FD389C /* InstallerSections.plist in Resources */,
			);
			runOnlyForDeploymentPostprocessing = 0;
		};
/* End PBXResourcesBuildPhase section */

/* Begin PBXSourcesBuildPhase section */
		ADB451DF29E6105500FD389C /* Sources */ = {
			isa = PBXSourcesBuildPhase;
			buildActionMask = 2147483647;
			files = (
				ADB451E829E6105500FD389C /* MyInstallerPane.m in Sources */,
			);
			runOnlyForDeploymentPostprocessing = 0;
		};
/* End PBXSourcesBuildPhase section */

/* Begin PBXVariantGroup section */
		ADB451E929E6105500FD389C /* MyInstallerPane.xib */ = {
			isa = PBXVariantGroup;
			children = (
				ADB451EA29E6105500FD389C /* Base */,
			);
			name = MyInstallerPane.xib;
			sourceTree = "<group>";
		};
		ADB451EC29E6105500FD389C /* Localizable.strings */ = {
			isa = PBXVariantGroup;
			children = (
				ADB451ED29E6105500FD389C /* en */,
			);
			name = Localizable.strings;
			sourceTree = "<group>";
		};
		ADB451F229E6105500FD389C /* InfoPlist.strings */ = {
			isa = PBXVariantGroup;
			children = (
				ADB451F329E6105500FD389C /* en */,
			);
			name = InfoPlist.strings;
			sourceTree = "<group>";
		};
/* End PBXVariantGroup section */

/* Begin XCBuildConfiguration section */
		ADB451F529E6105500FD389C /* Debug */ = {
			isa = XCBuildConfiguration;
			buildSettings = {
				ALWAYS_SEARCH_USER_PATHS = NO;
				CLANG_ANALYZER_NONNULL = YES;
				CLANG_ANALYZER_NUMBER_OBJECT_CONVERSION = YES_AGGRESSIVE;
				CLANG_CXX_LANGUAGE_STANDARD = "gnu++20";
				CLANG_ENABLE_MODULES = YES;
				CLANG_ENABLE_OBJC_ARC = YES;
				CLANG_ENABLE_OBJC_WEAK = YES;
				CLANG_WARN_BLOCK_CAPTURE_AUTORELEASING = YES;
				CLANG_WARN_BOOL_CONVERSION = YES;
				CLANG_WARN_COMMA = YES;
				CLANG_WARN_CONSTANT_CONVERSION = YES;
				CLANG_WARN_DEPRECATED_OBJC_IMPLEMENTATIONS = YES;
				CLANG_WARN_DIRECT_OBJC_ISA_USAGE = YES_ERROR;
				CLANG_WARN_DOCUMENTATION_COMMENTS = YES;
				CLANG_WARN_EMPTY_BODY = YES;
				CLANG_WARN_ENUM_CONVERSION = YES;
				CLANG_WARN_INFINITE_RECURSION = YES;
				CLANG_WARN_INT_CONVERSION = YES;
				CLANG_WARN_NON_LITERAL_NULL_CONVERSION = YES;
				CLANG_WARN_OBJC_IMPLICIT_RETAIN_SELF = YES;
				CLANG_WARN_OBJC_LITERAL_CONVERSION = YES;
				CLANG_WARN_OBJC_ROOT_CLASS = YES_ERROR;
				CLANG_WARN_QUOTED_INCLUDE_IN_FRAMEWORK_HEADER = YES;
				CLANG_WARN_RANGE_LOOP_ANALYSIS = YES;
				CLANG_WARN_STRICT_PROTOTYPES = YES;
				CLANG_WARN_SUSPICIOUS_MOVE = YES;
				CLANG_WARN_UNGUARDED_AVAILABILITY = YES_AGGRESSIVE;
				CLANG_WARN_UNREACHABLE_CODE = YES;
				CLANG_WARN__DUPLICATE_METHOD_MATCH = YES;
				COPY_PHASE_STRIP = NO;
				DEBUG_INFORMATION_FORMAT = dwarf;
				ENABLE_STRICT_OBJC_MSGSEND = YES;
				ENABLE_TESTABILITY = YES;
				GCC_C_LANGUAGE_STANDARD = gnu11;
				GCC_DYNAMIC_NO_PIC = NO;
				GCC_NO_COMMON_BLOCKS = YES;
				GCC_OPTIMIZATION_LEVEL = 0;
				GCC_PREPROCESSOR_DEFINITIONS = (
					"DEBUG=1",
					"$(inherited)",
				);
				GCC_WARN_64_TO_32_BIT_CONVERSION = YES;
				GCC_WARN_ABOUT_RETURN_TYPE = YES_ERROR;
				GCC_WARN_UNDECLARED_SELECTOR = YES;
				GCC_WARN_UNINITIALIZED_AUTOS = YES_AGGRESSIVE;
				GCC_WARN_UNUSED_FUNCTION = YES;
				GCC_WARN_UNUSED_VARIABLE = YES;
				MACOSX_DEPLOYMENT_TARGET = 13.3;
				MTL_ENABLE_DEBUG_INFO = INCLUDE_SOURCE;
				MTL_FAST_MATH = YES;
				ONLY_ACTIVE_ARCH = YES;
				SDKROOT = macosx;
			};
			name = Debug;
		};
		ADB451F629E6105500FD389C /* Release */ = {
			isa = XCBuildConfiguration;
			buildSettings = {
				ALWAYS_SEARCH_USER_PATHS = NO;
				CLANG_ANALYZER_NONNULL = YES;
				CLANG_ANALYZER_NUMBER_OBJECT_CONVERSION = YES_AGGRESSIVE;
				CLANG_CXX_LANGUAGE_STANDARD = "gnu++20";
				CLANG_ENABLE_MODULES = YES;
				CLANG_ENABLE_OBJC_ARC = YES;
				CLANG_ENABLE_OBJC_WEAK = YES;
				CLANG_WARN_BLOCK_CAPTURE_AUTORELEASING = YES;
				CLANG_WARN_BOOL_CONVERSION = YES;
				CLANG_WARN_COMMA = YES;
				CLANG_WARN_CONSTANT_CONVERSION = YES;
				CLANG_WARN_DEPRECATED_OBJC_IMPLEMENTATIONS = YES;
				CLANG_WARN_DIRECT_OBJC_ISA_USAGE = YES_ERROR;
				CLANG_WARN_DOCUMENTATION_COMMENTS = YES;
				CLANG_WARN_EMPTY_BODY = YES;
				CLANG_WARN_ENUM_CONVERSION = YES;
				CLANG_WARN_INFINITE_RECURSION = YES;
				CLANG_WARN_INT_CONVERSION = YES;
				CLANG_WARN_NON_LITERAL_NULL_CONVERSION = YES;
				CLANG_WARN_OBJC_IMPLICIT_RETAIN_SELF = YES;
				CLANG_WARN_OBJC_LITERAL_CONVERSION = YES;
				CLANG_WARN_OBJC_ROOT_CLASS = YES_ERROR;
				CLANG_WARN_QUOTED_INCLUDE_IN_FRAMEWORK_HEADER = YES;
				CLANG_WARN_RANGE_LOOP_ANALYSIS = YES;
				CLANG_WARN_STRICT_PROTOTYPES = YES;
				CLANG_WARN_SUSPICIOUS_MOVE = YES;
				CLANG_WARN_UNGUARDED_AVAILABILITY = YES_AGGRESSIVE;
				CLANG_WARN_UNREACHABLE_CODE = YES;
				CLANG_WARN__DUPLICATE_METHOD_MATCH = YES;
				COPY_PHASE_STRIP = NO;
				DEBUG_INFORMATION_FORMAT = "dwarf-with-dsym";
				ENABLE_NS_ASSERTIONS = NO;
				ENABLE_STRICT_OBJC_MSGSEND = YES;
				GCC_C_LANGUAGE_STANDARD = gnu11;
				GCC_NO_COMMON_BLOCKS = YES;
				GCC_WARN_64_TO_32_BIT_CONVERSION = YES;
				GCC_WARN_ABOUT_RETURN_TYPE = YES_ERROR;
				GCC_WARN_UNDECLARED_SELECTOR = YES;
				GCC_WARN_UNINITIALIZED_AUTOS = YES_AGGRESSIVE;
				GCC_WARN_UNUSED_FUNCTION = YES;
				GCC_WARN_UNUSED_VARIABLE = YES;
				MACOSX_DEPLOYMENT_TARGET = 13.3;
				MTL_ENABLE_DEBUG_INFO = NO;
				MTL_FAST_MATH = YES;
				SDKROOT = macosx;
			};
			name = Release;
		};
		ADB451F829E6105500FD389C /* Debug */ = {
			isa = XCBuildConfiguration;
			buildSettings = {
				CODE_SIGN_STYLE = Automatic;
				COMBINE_HIDPI_IMAGES = YES;
				CURRENT_PROJECT_VERSION = 1;
				DEVELOPMENT_TEAM = UWBB3Z7TG8;
				GENERATE_INFOPLIST_FILE = YES;
				INFOPLIST_FILE = "Voice Installer/Info.plist";
				INFOPLIST_KEY_NSHumanReadableCopyright = "";
				INFOPLIST_KEY_NSMainNibFile = MyInstallerPane;
				INFOPLIST_KEY_NSPrincipalClass = InstallerSection;
				INSTALL_PATH = "$(HOME)/Library/Bundles";
				MARKETING_VERSION = 1.0;
				PRODUCT_BUNDLE_IDENTIFIER = "com.bocoup.Voice-Installer";
				PRODUCT_NAME = "$(TARGET_NAME)";
				SWIFT_EMIT_LOC_STRINGS = YES;
				WRAPPER_EXTENSION = bundle;
			};
			name = Debug;
		};
		ADB451F929E6105500FD389C /* Release */ = {
			isa = XCBuildConfiguration;
			buildSettings = {
				CODE_SIGN_STYLE = Automatic;
				COMBINE_HIDPI_IMAGES = YES;
				CURRENT_PROJECT_VERSION = 1;
				DEVELOPMENT_TEAM = UWBB3Z7TG8;
				GENERATE_INFOPLIST_FILE = YES;
				INFOPLIST_FILE = "Voice Installer/Info.plist";
				INFOPLIST_KEY_NSHumanReadableCopyright = "";
				INFOPLIST_KEY_NSMainNibFile = MyInstallerPane;
				INFOPLIST_KEY_NSPrincipalClass = InstallerSection;
				INSTALL_PATH = "$(HOME)/Library/Bundles";
				MARKETING_VERSION = 1.0;
				PRODUCT_BUNDLE_IDENTIFIER = "com.bocoup.Voice-Installer";
				PRODUCT_NAME = "$(TARGET_NAME)";
				SWIFT_EMIT_LOC_STRINGS = YES;
				WRAPPER_EXTENSION = bundle;
			};
			name = Release;
		};
/* End XCBuildConfiguration section */

/* Begin XCConfigurationList section */
		ADB451DE29E6105500FD389C /* Build configuration list for PBXProject "Voice Installer" */ = {
			isa = XCConfigurationList;
			buildConfigurations = (
				ADB451F529E6105500FD389C /* Debug */,
				ADB451F629E6105500FD389C /* Release */,
			);
			defaultConfigurationIsVisible = 0;
			defaultConfigurationName = Release;
		};
		ADB451F729E6105500FD389C /* Build configuration list for PBXNativeTarget "Voice Installer" */ = {
			isa = XCConfigurationList;
			buildConfigurations = (
				ADB451F829E6105500FD389C /* Debug */,
				ADB451F929E6105500FD389C /* Release */,
			);
			defaultConfigurationIsVisible = 0;
			defaultConfigurationName = Release;
		};
/* End XCConfigurationList section */
	};
	rootObject = ADB451DB29E6105500FD389C /* Project object */;
}
